
Microsoft Visual Studio Solution File, Format Version 12.00
# Visual Studio 15
VisualStudioVersion = 15.0.27703.2042
MinimumVisualStudioVersion = 10.0.40219.1
Project("{FAE04EC0-301F-11D3-BF4B-00C04F79EFBC}") = "HelloWorld", "HelloWorld\HelloWorld.csproj", "{6680130C-A9D3-423A-B9B6-9F41A73C5855}"
EndProject
Global
	GlobalSection(SolutionConfigurationPlatforms) = preSolution
		Debug|Any CPU = Debug|Any CPU
		Release|Any CPU = Release|Any CPU
	EndGlobalSection
	GlobalSection(ProjectConfigurationPlatforms) = postSolution
		{6680130C-A9D3-423A-B9B6-9F41A73C5855}.Debug|Any CPU.ActiveCfg = Debug|Any CPU
		{6680130C-A9D3-423A-B9B6-9F41A73C5855}.Debug|Any CPU.Build.0 = Debug|Any CPU
		{6680130C-A9D3-423A-B9B6-9F41A73C5855}.Release|Any CPU.ActiveCfg = Release|Any CPU
		{6680130C-A9D3-423A-B9B6-9F41A73C5855}.Release|Any CPU.Build.0 = Release|Any CPU
	EndGlobalSection
	GlobalSection(SolutionProperties) = preSolution
		HideSolutionNode = FALSE
	EndGlobalSection
	GlobalSection(ExtensibilityGlobals) = postSolution
		SolutionGuid = {0B228715-CE17-4128-979C-58F385A4E5E2}
	EndGlobalSection
EndGlobal
